# This file is automatically @generated by Cargo.
# It is not intended for manual editing.
version = 4

[[package]]
name = "herrat"
version = "0.1.0"

[[package]]
name = "holtha-audio-decode"
version = "0.1.0"

[[package]]
name = "holtha-audio-mix"
version = "0.1.0"

[[package]]
name = "holtha-audio-play"
version = "0.1.0"

[[package]]
name = "holtha-core-errors"
version = "0.1.0"

[[package]]
name = "holtha-core-types"
version = "0.1.0"

[[package]]
name = "holtha-core-utils"
version = "0.1.0"

[[package]]
name = "holtha-gfx-color"
version = "0.1.0"

[[package]]
name = "holtha-gfx-render"
version = "0.1.0"

[[package]]
name = "holtha-gfx-window"
version = "0.1.0"

[[package]]
name = "holtha-input-key"
version = "0.1.0"

[[package]]
name = "holtha-input-mouse"
version = "0.1.0"

[[package]]
name = "holtha-input-pad"
version = "0.1.0"

[[package]]
name = "holtha-math-geo"
version = "0.1.0"

[[package]]
name = "holtha-math-mat"
version = "0.1.0"

[[package]]
name = "holtha-math-vec"
version = "0.1.0"

[[package]]
name = "holtha-net-tcp"
version = "0.1.0"

[[package]]
name = "holtha-net-udp"
version = "0.1.0"

[[package]]
name = "holtha-space"
version = "0.1.0"
dependencies = [
 "holtha-audio-decode",
 "holtha-audio-mix",
 "holtha-audio-play",
 "holtha-core-errors",
 "holtha-core-types",
 "holtha-core-utils",
 "holtha-gfx-color",
 "holtha-gfx-render",
 "holtha-gfx-window",
 "holtha-input-key",
 "holtha-input-mouse",
 "holtha-input-pad",
 "holtha-math-geo",
 "holtha-math-mat",
 "holtha-math-vec",
 "holtha-net-tcp",
 "holtha-net-udp",
 "holtha-sys-fs",
 "holtha-sys-info",
 "holtha-sys-mem",
]

[[package]]
name = "holtha-sys-fs"
version = "0.1.0"

[[package]]
name = "holtha-sys-info"
version = "0.1.0"

[[package]]
name = "holtha-sys-mem"
version = "0.1.0"
